
Microsoft Visual Studio Solution File, Format Version 12.00
# Visual Studio Version 17
VisualStudioVersion = 17.11.35208.52
MinimumVisualStudioVersion = 10.0.40219.1
Project("{FAE04EC0-301F-11D3-BF4B-00C04F79EFBC}") = "Week2Practical", "Week2Practical\Week2Practical.csproj", "{0240A834-AC7F-4711-AFA1-0B0A15666AFF}"
EndProject
Global
	GlobalSection(SolutionConfigurationPlatforms) = preSolution
		Debug|Any CPU = Debug|Any CPU
		Release|Any CPU = Release|Any CPU
	EndGlobalSection
	GlobalSection(ProjectConfigurationPlatforms) = postSolution
		{0240A834-AC7F-4711-AFA1-0B0A15666AFF}.Debug|Any CPU.ActiveCfg = Debug|Any CPU
		{0240A834-AC7F-4711-AFA1-0B0A15666AFF}.Debug|Any CPU.Build.0 = Debug|Any CPU
		{0240A834-AC7F-4711-AFA1-0B0A15666AFF}.Release|Any CPU.ActiveCfg = Release|Any CPU
		{0240A834-AC7F-4711-AFA1-0B0A15666AFF}.Release|Any CPU.Build.0 = Release|Any CPU
	EndGlobalSection
	GlobalSection(SolutionProperties) = preSolution
		HideSolutionNode = FALSE
	EndGlobalSection
	GlobalSection(ExtensibilityGlobals) = postSolution
		SolutionGuid = {7E701470-0720-4D2F-857E-B1010EFC1BB0}
	EndGlobalSection
EndGlobal
